{
  "nodes": {
    "bionix": {
      "locked": {
        "lastModified": 1638771827,
        "narHash": "sha256-FqdTAg6/FBJMShFhmAhpHfhAPXUYElRx8I5dyTLea9M=",
        "owner": "papenfusslab",
        "repo": "bionix",
        "rev": "d75b723281aea944fbafdb28f5b0841a03827b4a",
        "type": "github"
      },
      "original": {
        "owner": "papenfusslab",
        "repo": "bionix",
        "type": "github"
      }
    },
    "flake-utils": {
      "locked": {
        "lastModified": 1638122382,
        "narHash": "sha256-sQzZzAbvKEqN9s0bzWuYmRaA03v40gaJ4+iL1LXjaeI=",
        "owner": "numtide",
        "repo": "flake-utils",
        "rev": "74f7e4319258e287b0f9cb95426c9853b282730b",
        "type": "github"
      },
      "original": {
        "owner": "numtide",
        "repo": "flake-utils",
        "type": "github"
      }
    },
    "nixpkgs": {
      "locked": {
        "lastModified": 1638735405,
        "narHash": "sha256-yyxzgNwKHFKME4Zv2I095tgUfs6By+Kcf6G68+NgE4U=",
        "owner": "nixos",
        "repo": "nixpkgs",
        "rev": "e98afa97d3554e00661e436ba5ab5938d40bc761",
        "type": "github"
      },
      "original": {
        "owner": "nixos",
        "repo": "nixpkgs",
        "type": "github"
      }
    },
    "root": {
      "inputs": {
        "bionix": "bionix",
        "flake-utils": "flake-utils",
        "nixpkgs": "nixpkgs"
      }
    }
  },
  "root": "root",
  "version": 7
}
