{
  "nodes": {
    "bionix": {
      "locked": {
        "lastModified": 1635922661,
        "narHash": "sha256-qsV/XSthn9HW0g4P7htkdFQFtLeAPoD7tbG8nITLAvk=",
        "owner": "papenfusslab",
        "repo": "bionix",
        "rev": "32c05eb5f9b3006e48cd533688cc1e7980e185e3",
        "type": "github"
      },
      "original": {
        "owner": "papenfusslab",
        "repo": "bionix",
        "type": "github"
      }
    },
    "flake-utils": {
      "locked": {
        "lastModified": 1637014545,
        "narHash": "sha256-26IZAc5yzlD9FlDT54io1oqG/bBoyka+FJk5guaX4x4=",
        "owner": "numtide",
        "repo": "flake-utils",
        "rev": "bba5dcc8e0b20ab664967ad83d24d64cb64ec4f4",
        "type": "github"
      },
      "original": {
        "owner": "numtide",
        "repo": "flake-utils",
        "type": "github"
      }
    },
    "nixpkgs": {
      "locked": {
        "lastModified": 1637198104,
        "narHash": "sha256-k8bBupJ6ZDSm8Bx1cQB7VOE0JuI1m7afz9f0OR0xPk8=",
        "owner": "nixos",
        "repo": "nixpkgs",
        "rev": "3d4b8e429b8a58044a8b2750f24ae7bdb5b7e276",
        "type": "github"
      },
      "original": {
        "owner": "nixos",
        "repo": "nixpkgs",
        "type": "github"
      }
    },
    "root": {
      "inputs": {
        "bionix": "bionix",
        "flake-utils": "flake-utils",
        "nixpkgs": "nixpkgs"
      }
    }
  },
  "root": "root",
  "version": 7
}
